
Microsoft Visual Studio Solution File, Format Version 12.00
# Visual Studio Version 16
VisualStudioVersion = 16.0.30804.86
MinimumVisualStudioVersion = 10.0.40219.1
Project("{FAE04EC0-301F-11D3-BF4B-00C04F79EFBC}") = "Quiz.Api", "src\Quiz.Api\Quiz.Api.csproj", "{6A8BFE15-FE6D-4435-B081-6D3CE90B5811}"
EndProject
Project("{FAE04EC0-301F-11D3-BF4B-00C04F79EFBC}") = "Quiz.Data", "src\Quiz.Data\Quiz.Data.csproj", "{5EE5157B-781A-4730-BEF9-E95C6A572637}"
EndProject
Project("{FAE04EC0-301F-11D3-BF4B-00C04F79EFBC}") = "Quiz.Business", "src\Quiz.Business\Quiz.Business.csproj", "{CC2DFFD0-F34F-45D1-BE95-BCF353E783FA}"
EndProject
Project("{2150E333-8FDC-42A3-9474-1A3956D46DE8}") = "Solution Items", "Solution Items", "{376AB8D0-23B5-47DC-B8EC-9E317FD1F3A7}"
	ProjectSection(SolutionItems) = preProject
		Anotacoes.txt = Anotacoes.txt
	EndProjectSection
EndProject
Global
	GlobalSection(SolutionConfigurationPlatforms) = preSolution
		Debug|Any CPU = Debug|Any CPU
		Release|Any CPU = Release|Any CPU
	EndGlobalSection
	GlobalSection(ProjectConfigurationPlatforms) = postSolution
		{6A8BFE15-FE6D-4435-B081-6D3CE90B5811}.Debug|Any CPU.ActiveCfg = Debug|Any CPU
		{6A8BFE15-FE6D-4435-B081-6D3CE90B5811}.Debug|Any CPU.Build.0 = Debug|Any CPU
		{6A8BFE15-FE6D-4435-B081-6D3CE90B5811}.Release|Any CPU.ActiveCfg = Release|Any CPU
		{6A8BFE15-FE6D-4435-B081-6D3CE90B5811}.Release|Any CPU.Build.0 = Release|Any CPU
		{5EE5157B-781A-4730-BEF9-E95C6A572637}.Debug|Any CPU.ActiveCfg = Debug|Any CPU
		{5EE5157B-781A-4730-BEF9-E95C6A572637}.Debug|Any CPU.Build.0 = Debug|Any CPU
		{5EE5157B-781A-4730-BEF9-E95C6A572637}.Release|Any CPU.ActiveCfg = Release|Any CPU
		{5EE5157B-781A-4730-BEF9-E95C6A572637}.Release|Any CPU.Build.0 = Release|Any CPU
		{CC2DFFD0-F34F-45D1-BE95-BCF353E783FA}.Debug|Any CPU.ActiveCfg = Debug|Any CPU
		{CC2DFFD0-F34F-45D1-BE95-BCF353E783FA}.Debug|Any CPU.Build.0 = Debug|Any CPU
		{CC2DFFD0-F34F-45D1-BE95-BCF353E783FA}.Release|Any CPU.ActiveCfg = Release|Any CPU
		{CC2DFFD0-F34F-45D1-BE95-BCF353E783FA}.Release|Any CPU.Build.0 = Release|Any CPU
	EndGlobalSection
	GlobalSection(SolutionProperties) = preSolution
		HideSolutionNode = FALSE
	EndGlobalSection
	GlobalSection(ExtensibilityGlobals) = postSolution
		SolutionGuid = {8FAAA60B-C161-4166-B7B7-ACCC297CB093}
	EndGlobalSection
EndGlobal
